
Microsoft Visual Studio Solution File, Format Version 12.00
# Visual Studio Version 17
VisualStudioVersion = 17.2.32616.157
MinimumVisualStudioVersion = 10.0.40219.1
Project("{FAE04EC0-301F-11D3-BF4B-00C04F79EFBC}") = "Desarrollo", "Desarrollo\Desarrollo.csproj", "{7E0E61EA-ED2C-4713-8E80-C6C97A9FE874}"
EndProject
Project("{FAE04EC0-301F-11D3-BF4B-00C04F79EFBC}") = "DB", "DB\DB.csproj", "{C8E0E9A5-043E-4501-8F40-0808FDB5EC34}"
EndProject
Global
	GlobalSection(SolutionConfigurationPlatforms) = preSolution
		Debug|Any CPU = Debug|Any CPU
		Release|Any CPU = Release|Any CPU
	EndGlobalSection
	GlobalSection(ProjectConfigurationPlatforms) = postSolution
		{7E0E61EA-ED2C-4713-8E80-C6C97A9FE874}.Debug|Any CPU.ActiveCfg = Debug|Any CPU
		{7E0E61EA-ED2C-4713-8E80-C6C97A9FE874}.Debug|Any CPU.Build.0 = Debug|Any CPU
		{7E0E61EA-ED2C-4713-8E80-C6C97A9FE874}.Release|Any CPU.ActiveCfg = Release|Any CPU
		{7E0E61EA-ED2C-4713-8E80-C6C97A9FE874}.Release|Any CPU.Build.0 = Release|Any CPU
		{C8E0E9A5-043E-4501-8F40-0808FDB5EC34}.Debug|Any CPU.ActiveCfg = Debug|Any CPU
		{C8E0E9A5-043E-4501-8F40-0808FDB5EC34}.Debug|Any CPU.Build.0 = Debug|Any CPU
		{C8E0E9A5-043E-4501-8F40-0808FDB5EC34}.Release|Any CPU.ActiveCfg = Release|Any CPU
		{C8E0E9A5-043E-4501-8F40-0808FDB5EC34}.Release|Any CPU.Build.0 = Release|Any CPU
	EndGlobalSection
	GlobalSection(SolutionProperties) = preSolution
		HideSolutionNode = FALSE
	EndGlobalSection
	GlobalSection(ExtensibilityGlobals) = postSolution
		SolutionGuid = {4C2A7D70-4A2D-4294-BB49-8BC79E73E596}
	EndGlobalSection
EndGlobal
